
Microsoft Visual Studio Solution File, Format Version 12.00
# Visual Studio Version 17
VisualStudioVersion = 17.9.34701.34
MinimumVisualStudioVersion = 10.0.40219.1
Project("{9A19103F-16F7-4668-BE54-9A1E7A4F7556}") = "GunsOfTheOldWest.Ui.Mvc", "GunsOfTheOldWest.Ui.Mvc.csproj", "{063EE424-7B4B-4625-8EB4-31C70617190C}"
EndProject
Global
	GlobalSection(SolutionConfigurationPlatforms) = preSolution
		Debug|Any CPU = Debug|Any CPU
		Release|Any CPU = Release|Any CPU
	EndGlobalSection
	GlobalSection(ProjectConfigurationPlatforms) = postSolution
		{063EE424-7B4B-4625-8EB4-31C70617190C}.Debug|Any CPU.ActiveCfg = Debug|Any CPU
		{063EE424-7B4B-4625-8EB4-31C70617190C}.Debug|Any CPU.Build.0 = Debug|Any CPU
		{063EE424-7B4B-4625-8EB4-31C70617190C}.Release|Any CPU.ActiveCfg = Release|Any CPU
		{063EE424-7B4B-4625-8EB4-31C70617190C}.Release|Any CPU.Build.0 = Release|Any CPU
	EndGlobalSection
	GlobalSection(SolutionProperties) = preSolution
		HideSolutionNode = FALSE
	EndGlobalSection
	GlobalSection(ExtensibilityGlobals) = postSolution
		SolutionGuid = {A3FEF7C4-CA48-4439-A81E-C49B4E294C75}
	EndGlobalSection
EndGlobal
